
Microsoft Visual Studio Solution File, Format Version 9.00
# Visual Studio 2005
Project("{8BC9CEB8-8B4A-11D0-8D11-00A0C91BC942}") = "eIDApplicationManageGUI", "eIDApplicationManageGUI\eIDApplicationManageGUI.vcproj", "{6E50B388-ED2F-4D40-8237-F535F635E952}"
EndProject
Project("{8BC9CEB8-8B4A-11D0-8D11-00A0C91BC942}") = "HDIFD20B", "HDIFD20B\HDIFD20B.vcproj", "{9A63CE41-03AE-48E7-AD69-07435090064D}"
EndProject
Project("{8BC9CEB8-8B4A-11D0-8D11-00A0C91BC942}") = "TestGUI", "TestGUI\TestGUI.vcproj", "{DA9DF079-1E87-43AF-968F-B21694A60B5B}"
	ProjectSection(ProjectDependencies) = postProject
		{B2A71795-24B6-4C43-AB83-CF6F97ABC798} = {B2A71795-24B6-4C43-AB83-CF6F97ABC798}
	EndProjectSection
EndProject
Project("{8BC9CEB8-8B4A-11D0-8D11-00A0C91BC942}") = "USBHidDll", "USBHidDll\USBHidDll.vcproj", "{6951EE80-CA56-4B70-9DC0-F7473931986C}"
EndProject
Project("{8BC9CEB8-8B4A-11D0-8D11-00A0C91BC942}") = "ExternAPI", "ExternAPI\ExternAPI.vcproj", "{33244FDC-BF7C-4481-BF45-9F8EAB665346}"
	ProjectSection(ProjectDependencies) = postProject
		{9A63CE41-03AE-48E7-AD69-07435090064D} = {9A63CE41-03AE-48E7-AD69-07435090064D}
	EndProjectSection
EndProject
Project("{8BC9CEB8-8B4A-11D0-8D11-00A0C91BC942}") = "CspToSign", "CspToSign\CspToSign.vcproj", "{BE80D4E5-B72A-4CA6-A748-528FFEA7242D}"
EndProject
Project("{8BC9CEB8-8B4A-11D0-8D11-00A0C91BC942}") = "HedCPAPI", "HedCPAPI\HedCPAPI.vcproj", "{B2A71795-24B6-4C43-AB83-CF6F97ABC798}"
EndProject
Project("{8BC9CEB8-8B4A-11D0-8D11-00A0C91BC942}") = "HED_Csp", "HED_Csp\HED_Csp.vcproj", "{8F7BB88A-27BD-4BFF-9579-19738109F1F1}"
EndProject
Global
	GlobalSection(SubversionScc) = preSolution
		Svn-Managed = True
		Manager = AnkhSVN - Subversion Support for Visual Studio
	EndGlobalSection
	GlobalSection(SolutionConfigurationPlatforms) = preSolution
		Debug|Win32 = Debug|Win32
		Release|Win32 = Release|Win32
	EndGlobalSection
	GlobalSection(ProjectConfigurationPlatforms) = postSolution
		{6E50B388-ED2F-4D40-8237-F535F635E952}.Debug|Win32.ActiveCfg = Debug|Win32
		{6E50B388-ED2F-4D40-8237-F535F635E952}.Debug|Win32.Build.0 = Debug|Win32
		{6E50B388-ED2F-4D40-8237-F535F635E952}.Release|Win32.ActiveCfg = Release|Win32
		{6E50B388-ED2F-4D40-8237-F535F635E952}.Release|Win32.Build.0 = Release|Win32
		{9A63CE41-03AE-48E7-AD69-07435090064D}.Debug|Win32.ActiveCfg = Debug|Win32
		{9A63CE41-03AE-48E7-AD69-07435090064D}.Debug|Win32.Build.0 = Debug|Win32
		{9A63CE41-03AE-48E7-AD69-07435090064D}.Release|Win32.ActiveCfg = Release|Win32
		{9A63CE41-03AE-48E7-AD69-07435090064D}.Release|Win32.Build.0 = Release|Win32
		{DA9DF079-1E87-43AF-968F-B21694A60B5B}.Debug|Win32.ActiveCfg = Debug|Win32
		{DA9DF079-1E87-43AF-968F-B21694A60B5B}.Debug|Win32.Build.0 = Debug|Win32
		{DA9DF079-1E87-43AF-968F-B21694A60B5B}.Release|Win32.ActiveCfg = Release|Win32
		{DA9DF079-1E87-43AF-968F-B21694A60B5B}.Release|Win32.Build.0 = Release|Win32
		{6951EE80-CA56-4B70-9DC0-F7473931986C}.Debug|Win32.ActiveCfg = Debug|Win32
		{6951EE80-CA56-4B70-9DC0-F7473931986C}.Debug|Win32.Build.0 = Debug|Win32
		{6951EE80-CA56-4B70-9DC0-F7473931986C}.Release|Win32.ActiveCfg = Release|Win32
		{6951EE80-CA56-4B70-9DC0-F7473931986C}.Release|Win32.Build.0 = Release|Win32
		{33244FDC-BF7C-4481-BF45-9F8EAB665346}.Debug|Win32.ActiveCfg = Debug|Win32
		{33244FDC-BF7C-4481-BF45-9F8EAB665346}.Debug|Win32.Build.0 = Debug|Win32
		{33244FDC-BF7C-4481-BF45-9F8EAB665346}.Release|Win32.ActiveCfg = Release|Win32
		{33244FDC-BF7C-4481-BF45-9F8EAB665346}.Release|Win32.Build.0 = Release|Win32
		{BE80D4E5-B72A-4CA6-A748-528FFEA7242D}.Debug|Win32.ActiveCfg = Debug|Win32
		{BE80D4E5-B72A-4CA6-A748-528FFEA7242D}.Debug|Win32.Build.0 = Debug|Win32
		{BE80D4E5-B72A-4CA6-A748-528FFEA7242D}.Release|Win32.ActiveCfg = Release|Win32
		{BE80D4E5-B72A-4CA6-A748-528FFEA7242D}.Release|Win32.Build.0 = Release|Win32
		{B2A71795-24B6-4C43-AB83-CF6F97ABC798}.Debug|Win32.ActiveCfg = Debug|Win32
		{B2A71795-24B6-4C43-AB83-CF6F97ABC798}.Debug|Win32.Build.0 = Debug|Win32
		{B2A71795-24B6-4C43-AB83-CF6F97ABC798}.Release|Win32.ActiveCfg = Release|Win32
		{B2A71795-24B6-4C43-AB83-CF6F97ABC798}.Release|Win32.Build.0 = Release|Win32
		{8F7BB88A-27BD-4BFF-9579-19738109F1F1}.Debug|Win32.ActiveCfg = Debug|Win32
		{8F7BB88A-27BD-4BFF-9579-19738109F1F1}.Debug|Win32.Build.0 = Debug|Win32
		{8F7BB88A-27BD-4BFF-9579-19738109F1F1}.Release|Win32.ActiveCfg = Release|Win32
		{8F7BB88A-27BD-4BFF-9579-19738109F1F1}.Release|Win32.Build.0 = Release|Win32
	EndGlobalSection
	GlobalSection(SolutionProperties) = preSolution
		HideSolutionNode = FALSE
	EndGlobalSection
EndGlobal
