
Microsoft Visual Studio Solution File, Format Version 9.00
# Visual Studio 2005
Project("{8BC9CEB8-8B4A-11D0-8D11-00A0C91BC942}") = "eIDApplicationManageGUI", "eIDApplicationManageGUI\eIDApplicationManageGUI.vcproj", "{6E50B388-ED2F-4D40-8237-F535F635E952}"
EndProject
Project("{8BC9CEB8-8B4A-11D0-8D11-00A0C91BC942}") = "HDIFD20B", "HDIFD20B\HDIFD20B.vcproj", "{9A63CE41-03AE-48E7-AD69-07435090064D}"
EndProject
Project("{8BC9CEB8-8B4A-11D0-8D11-00A0C91BC942}") = "TestGUI", "TestGUI\TestGUI.vcproj", "{DA9DF079-1E87-43AF-968F-B21694A60B5B}"
EndProject
Global
	GlobalSection(SubversionScc) = preSolution
		Svn-Managed = True
		Manager = AnkhSVN - Subversion Support for Visual Studio
	EndGlobalSection
	GlobalSection(SolutionConfigurationPlatforms) = preSolution
		Debug|Win32 = Debug|Win32
		Release|Win32 = Release|Win32
	EndGlobalSection
	GlobalSection(ProjectConfigurationPlatforms) = postSolution
		{6E50B388-ED2F-4D40-8237-F535F635E952}.Debug|Win32.ActiveCfg = Debug|Win32
		{6E50B388-ED2F-4D40-8237-F535F635E952}.Debug|Win32.Build.0 = Debug|Win32
		{6E50B388-ED2F-4D40-8237-F535F635E952}.Release|Win32.ActiveCfg = Release|Win32
		{6E50B388-ED2F-4D40-8237-F535F635E952}.Release|Win32.Build.0 = Release|Win32
		{9A63CE41-03AE-48E7-AD69-07435090064D}.Debug|Win32.ActiveCfg = Debug|Win32
		{9A63CE41-03AE-48E7-AD69-07435090064D}.Debug|Win32.Build.0 = Debug|Win32
		{9A63CE41-03AE-48E7-AD69-07435090064D}.Release|Win32.ActiveCfg = Release|Win32
		{9A63CE41-03AE-48E7-AD69-07435090064D}.Release|Win32.Build.0 = Release|Win32
		{DA9DF079-1E87-43AF-968F-B21694A60B5B}.Debug|Win32.ActiveCfg = Debug|Win32
		{DA9DF079-1E87-43AF-968F-B21694A60B5B}.Debug|Win32.Build.0 = Debug|Win32
		{DA9DF079-1E87-43AF-968F-B21694A60B5B}.Release|Win32.ActiveCfg = Release|Win32
		{DA9DF079-1E87-43AF-968F-B21694A60B5B}.Release|Win32.Build.0 = Release|Win32
	EndGlobalSection
	GlobalSection(SolutionProperties) = preSolution
		HideSolutionNode = FALSE
	EndGlobalSection
EndGlobal
